PODS:
  - Alamofire (4.9.0)
  - SwiftyJSON (4.3.0)

DEPENDENCIES:
  - Alamofire
  - SwiftyJSON (~> 4.0)

SPEC REPOS:
  trunk:
    - Alamofire
    - SwiftyJSON

SPEC CHECKSUMS:
  Alamofire: afc3e7c6db61476cb45cdd23fed06bad03bbc321
  SwiftyJSON: 6faa0040f8b59dead0ee07436cbf76b73c08fd08

PODFILE CHECKSUM: ef0b94e90670ab3e69255581faf92c65c56575f6

COCOAPODS: 1.8.3
